
Microsoft Visual Studio Solution File, Format Version 12.00
# Visual Studio Version 17
VisualStudioVersion = 17.5.33530.505
MinimumVisualStudioVersion = 10.0.40219.1
Project("{FAE04EC0-301F-11D3-BF4B-00C04F79EFBC}") = "Labb3Threads", "Labb3Threads\Labb3Threads.csproj", "{52B768E7-FD59-4A9F-B748-B86BEC3D4C82}"
EndProject
Global
	GlobalSection(SolutionConfigurationPlatforms) = preSolution
		Debug|Any CPU = Debug|Any CPU
		Release|Any CPU = Release|Any CPU
	EndGlobalSection
	GlobalSection(ProjectConfigurationPlatforms) = postSolution
		{52B768E7-FD59-4A9F-B748-B86BEC3D4C82}.Debug|Any CPU.ActiveCfg = Debug|Any CPU
		{52B768E7-FD59-4A9F-B748-B86BEC3D4C82}.Debug|Any CPU.Build.0 = Debug|Any CPU
		{52B768E7-FD59-4A9F-B748-B86BEC3D4C82}.Release|Any CPU.ActiveCfg = Release|Any CPU
		{52B768E7-FD59-4A9F-B748-B86BEC3D4C82}.Release|Any CPU.Build.0 = Release|Any CPU
	EndGlobalSection
	GlobalSection(SolutionProperties) = preSolution
		HideSolutionNode = FALSE
	EndGlobalSection
	GlobalSection(ExtensibilityGlobals) = postSolution
		SolutionGuid = {3529ED4A-76F6-4C0F-8401-E897FE5E7FA9}
	EndGlobalSection
EndGlobal
